
Microsoft Visual Studio Solution File, Format Version 12.00
# Visual Studio Version 17
VisualStudioVersion = 17.0.31903.59
MinimumVisualStudioVersion = 10.0.40219.1
Project("{2150E333-8FDC-42A3-9474-1A3956D46DE8}") = "src", "src", "{827E0CD3-B72D-47B6-A68D-7590B98EB39B}"
EndProject
Project("{FAE04EC0-301F-11D3-BF4B-00C04F79EFBC}") = "Remedin.Api", "src\Remedin.Api\Remedin.Api.csproj", "{230CA79C-F7B0-44B8-BE27-A9E294071BB5}"
EndProject
Project("{FAE04EC0-301F-11D3-BF4B-00C04F79EFBC}") = "Remedin.Application", "src\Remedin.Application\Remedin.Application.csproj", "{0D6979DA-BAD1-4BDD-8766-1D0069150218}"
EndProject
Project("{FAE04EC0-301F-11D3-BF4B-00C04F79EFBC}") = "Remedin.Domain", "src\Remedin.Domain\Remedin.Domain.csproj", "{86DB92B0-DE6A-4A68-BA88-769354839E4C}"
EndProject
Project("{FAE04EC0-301F-11D3-BF4B-00C04F79EFBC}") = "Remedin.Infrastructure", "src\Remedin.Infrastructure\Remedin.Infrastructure.csproj", "{9D70BB78-03D2-437A-8ACF-F8E1FF4A41D8}"
EndProject
Project("{FAE04EC0-301F-11D3-BF4B-00C04F79EFBC}") = "Remedin.Worker", "src\Remedin.Worker\Remedin.Worker.csproj", "{6F2AACE5-B2FE-4424-9D7B-0A1C6B7CB653}"
EndProject
Project("{FAE04EC0-301F-11D3-BF4B-00C04F79EFBC}") = "Remedin.Architecture.Tests", "tests\Remedin.Architecture.Tests\Remedin.Architecture.Tests.csproj", "{6AC1C5D2-D0F1-45B0-A0F8-B0204B9CD9E6}"
EndProject
Project("{FAE04EC0-301F-11D3-BF4B-00C04F79EFBC}") = "Remedin.Domain.Tests", "tests\Remedin.Domain.Tests\Remedin.Domain.Tests.csproj", "{2856EB3E-D3E5-40DD-BF78-9C941E89B636}"
EndProject
Project("{2150E333-8FDC-42A3-9474-1A3956D46DE8}") = "tests", "tests", "{0AB3BF05-4346-4AA6-1389-037BE0695223}"
EndProject
Project("{FAE04EC0-301F-11D3-BF4B-00C04F79EFBC}") = "Remedin.Infrastructure.Tests", "tests\Remedin.Infrastructure.Tests\Remedin.Infrastructure.Tests.csproj", "{06382712-F6E3-4463-8FD0-AD30CA8EAE22}"
EndProject
Global
	GlobalSection(SolutionConfigurationPlatforms) = preSolution
		Debug|Any CPU = Debug|Any CPU
		Debug|x64 = Debug|x64
		Debug|x86 = Debug|x86
		Release|Any CPU = Release|Any CPU
		Release|x64 = Release|x64
		Release|x86 = Release|x86
	EndGlobalSection
	GlobalSection(ProjectConfigurationPlatforms) = postSolution
		{230CA79C-F7B0-44B8-BE27-A9E294071BB5}.Debug|Any CPU.ActiveCfg = Debug|Any CPU
		{230CA79C-F7B0-44B8-BE27-A9E294071BB5}.Debug|Any CPU.Build.0 = Debug|Any CPU
		{230CA79C-F7B0-44B8-BE27-A9E294071BB5}.Debug|x64.ActiveCfg = Debug|Any CPU
		{230CA79C-F7B0-44B8-BE27-A9E294071BB5}.Debug|x64.Build.0 = Debug|Any CPU
		{230CA79C-F7B0-44B8-BE27-A9E294071BB5}.Debug|x86.ActiveCfg = Debug|Any CPU
		{230CA79C-F7B0-44B8-BE27-A9E294071BB5}.Debug|x86.Build.0 = Debug|Any CPU
		{230CA79C-F7B0-44B8-BE27-A9E294071BB5}.Release|Any CPU.ActiveCfg = Release|Any CPU
		{230CA79C-F7B0-44B8-BE27-A9E294071BB5}.Release|Any CPU.Build.0 = Release|Any CPU
		{230CA79C-F7B0-44B8-BE27-A9E294071BB5}.Release|x64.ActiveCfg = Release|Any CPU
		{230CA79C-F7B0-44B8-BE27-A9E294071BB5}.Release|x64.Build.0 = Release|Any CPU
		{230CA79C-F7B0-44B8-BE27-A9E294071BB5}.Release|x86.ActiveCfg = Release|Any CPU
		{230CA79C-F7B0-44B8-BE27-A9E294071BB5}.Release|x86.Build.0 = Release|Any CPU
		{0D6979DA-BAD1-4BDD-8766-1D0069150218}.Debug|Any CPU.ActiveCfg = Debug|Any CPU
		{0D6979DA-BAD1-4BDD-8766-1D0069150218}.Debug|Any CPU.Build.0 = Debug|Any CPU
		{0D6979DA-BAD1-4BDD-8766-1D0069150218}.Debug|x64.ActiveCfg = Debug|Any CPU
		{0D6979DA-BAD1-4BDD-8766-1D0069150218}.Debug|x64.Build.0 = Debug|Any CPU
		{0D6979DA-BAD1-4BDD-8766-1D0069150218}.Debug|x86.ActiveCfg = Debug|Any CPU
		{0D6979DA-BAD1-4BDD-8766-1D0069150218}.Debug|x86.Build.0 = Debug|Any CPU
		{0D6979DA-BAD1-4BDD-8766-1D0069150218}.Release|Any CPU.ActiveCfg = Release|Any CPU
		{0D6979DA-BAD1-4BDD-8766-1D0069150218}.Release|Any CPU.Build.0 = Release|Any CPU
		{0D6979DA-BAD1-4BDD-8766-1D0069150218}.Release|x64.ActiveCfg = Release|Any CPU
		{0D6979DA-BAD1-4BDD-8766-1D0069150218}.Release|x64.Build.0 = Release|Any CPU
		{0D6979DA-BAD1-4BDD-8766-1D0069150218}.Release|x86.ActiveCfg = Release|Any CPU
		{0D6979DA-BAD1-4BDD-8766-1D0069150218}.Release|x86.Build.0 = Release|Any CPU
		{86DB92B0-DE6A-4A68-BA88-769354839E4C}.Debug|Any CPU.ActiveCfg = Debug|Any CPU
		{86DB92B0-DE6A-4A68-BA88-769354839E4C}.Debug|Any CPU.Build.0 = Debug|Any CPU
		{86DB92B0-DE6A-4A68-BA88-769354839E4C}.Debug|x64.ActiveCfg = Debug|Any CPU
		{86DB92B0-DE6A-4A68-BA88-769354839E4C}.Debug|x64.Build.0 = Debug|Any CPU
		{86DB92B0-DE6A-4A68-BA88-769354839E4C}.Debug|x86.ActiveCfg = Debug|Any CPU
		{86DB92B0-DE6A-4A68-BA88-769354839E4C}.Debug|x86.Build.0 = Debug|Any CPU
		{86DB92B0-DE6A-4A68-BA88-769354839E4C}.Release|Any CPU.ActiveCfg = Release|Any CPU
		{86DB92B0-DE6A-4A68-BA88-769354839E4C}.Release|Any CPU.Build.0 = Release|Any CPU
		{86DB92B0-DE6A-4A68-BA88-769354839E4C}.Release|x64.ActiveCfg = Release|Any CPU
		{86DB92B0-DE6A-4A68-BA88-769354839E4C}.Release|x64.Build.0 = Release|Any CPU
		{86DB92B0-DE6A-4A68-BA88-769354839E4C}.Release|x86.ActiveCfg = Release|Any CPU
		{86DB92B0-DE6A-4A68-BA88-769354839E4C}.Release|x86.Build.0 = Release|Any CPU
		{9D70BB78-03D2-437A-8ACF-F8E1FF4A41D8}.Debug|Any CPU.ActiveCfg = Debug|Any CPU
		{9D70BB78-03D2-437A-8ACF-F8E1FF4A41D8}.Debug|Any CPU.Build.0 = Debug|Any CPU
		{9D70BB78-03D2-437A-8ACF-F8E1FF4A41D8}.Debug|x64.ActiveCfg = Debug|Any CPU
		{9D70BB78-03D2-437A-8ACF-F8E1FF4A41D8}.Debug|x64.Build.0 = Debug|Any CPU
		{9D70BB78-03D2-437A-8ACF-F8E1FF4A41D8}.Debug|x86.ActiveCfg = Debug|Any CPU
		{9D70BB78-03D2-437A-8ACF-F8E1FF4A41D8}.Debug|x86.Build.0 = Debug|Any CPU
		{9D70BB78-03D2-437A-8ACF-F8E1FF4A41D8}.Release|Any CPU.ActiveCfg = Release|Any CPU
		{9D70BB78-03D2-437A-8ACF-F8E1FF4A41D8}.Release|Any CPU.Build.0 = Release|Any CPU
		{9D70BB78-03D2-437A-8ACF-F8E1FF4A41D8}.Release|x64.ActiveCfg = Release|Any CPU
		{9D70BB78-03D2-437A-8ACF-F8E1FF4A41D8}.Release|x64.Build.0 = Release|Any CPU
		{9D70BB78-03D2-437A-8ACF-F8E1FF4A41D8}.Release|x86.ActiveCfg = Release|Any CPU
		{9D70BB78-03D2-437A-8ACF-F8E1FF4A41D8}.Release|x86.Build.0 = Release|Any CPU
		{6F2AACE5-B2FE-4424-9D7B-0A1C6B7CB653}.Debug|Any CPU.ActiveCfg = Debug|Any CPU
		{6F2AACE5-B2FE-4424-9D7B-0A1C6B7CB653}.Debug|Any CPU.Build.0 = Debug|Any CPU
		{6F2AACE5-B2FE-4424-9D7B-0A1C6B7CB653}.Debug|x64.ActiveCfg = Debug|Any CPU
		{6F2AACE5-B2FE-4424-9D7B-0A1C6B7CB653}.Debug|x64.Build.0 = Debug|Any CPU
		{6F2AACE5-B2FE-4424-9D7B-0A1C6B7CB653}.Debug|x86.ActiveCfg = Debug|Any CPU
		{6F2AACE5-B2FE-4424-9D7B-0A1C6B7CB653}.Debug|x86.Build.0 = Debug|Any CPU
		{6F2AACE5-B2FE-4424-9D7B-0A1C6B7CB653}.Release|Any CPU.ActiveCfg = Release|Any CPU
		{6F2AACE5-B2FE-4424-9D7B-0A1C6B7CB653}.Release|Any CPU.Build.0 = Release|Any CPU
		{6F2AACE5-B2FE-4424-9D7B-0A1C6B7CB653}.Release|x64.ActiveCfg = Release|Any CPU
		{6F2AACE5-B2FE-4424-9D7B-0A1C6B7CB653}.Release|x64.Build.0 = Release|Any CPU
		{6F2AACE5-B2FE-4424-9D7B-0A1C6B7CB653}.Release|x86.ActiveCfg = Release|Any CPU
		{6F2AACE5-B2FE-4424-9D7B-0A1C6B7CB653}.Release|x86.Build.0 = Release|Any CPU
		{6AC1C5D2-D0F1-45B0-A0F8-B0204B9CD9E6}.Debug|Any CPU.ActiveCfg = Debug|Any CPU
		{6AC1C5D2-D0F1-45B0-A0F8-B0204B9CD9E6}.Debug|Any CPU.Build.0 = Debug|Any CPU
		{6AC1C5D2-D0F1-45B0-A0F8-B0204B9CD9E6}.Debug|x64.ActiveCfg = Debug|Any CPU
		{6AC1C5D2-D0F1-45B0-A0F8-B0204B9CD9E6}.Debug|x64.Build.0 = Debug|Any CPU
		{6AC1C5D2-D0F1-45B0-A0F8-B0204B9CD9E6}.Debug|x86.ActiveCfg = Debug|Any CPU
		{6AC1C5D2-D0F1-45B0-A0F8-B0204B9CD9E6}.Debug|x86.Build.0 = Debug|Any CPU
		{6AC1C5D2-D0F1-45B0-A0F8-B0204B9CD9E6}.Release|Any CPU.ActiveCfg = Release|Any CPU
		{6AC1C5D2-D0F1-45B0-A0F8-B0204B9CD9E6}.Release|Any CPU.Build.0 = Release|Any CPU
		{6AC1C5D2-D0F1-45B0-A0F8-B0204B9CD9E6}.Release|x64.ActiveCfg = Release|Any CPU
		{6AC1C5D2-D0F1-45B0-A0F8-B0204B9CD9E6}.Release|x64.Build.0 = Release|Any CPU
		{6AC1C5D2-D0F1-45B0-A0F8-B0204B9CD9E6}.Release|x86.ActiveCfg = Release|Any CPU
		{6AC1C5D2-D0F1-45B0-A0F8-B0204B9CD9E6}.Release|x86.Build.0 = Release|Any CPU
		{2856EB3E-D3E5-40DD-BF78-9C941E89B636}.Debug|Any CPU.ActiveCfg = Debug|Any CPU
		{2856EB3E-D3E5-40DD-BF78-9C941E89B636}.Debug|Any CPU.Build.0 = Debug|Any CPU
		{2856EB3E-D3E5-40DD-BF78-9C941E89B636}.Debug|x64.ActiveCfg = Debug|Any CPU
		{2856EB3E-D3E5-40DD-BF78-9C941E89B636}.Debug|x64.Build.0 = Debug|Any CPU
		{2856EB3E-D3E5-40DD-BF78-9C941E89B636}.Debug|x86.ActiveCfg = Debug|Any CPU
		{2856EB3E-D3E5-40DD-BF78-9C941E89B636}.Debug|x86.Build.0 = Debug|Any CPU
		{2856EB3E-D3E5-40DD-BF78-9C941E89B636}.Release|Any CPU.ActiveCfg = Release|Any CPU
		{2856EB3E-D3E5-40DD-BF78-9C941E89B636}.Release|Any CPU.Build.0 = Release|Any CPU
		{2856EB3E-D3E5-40DD-BF78-9C941E89B636}.Release|x64.ActiveCfg = Release|Any CPU
		{2856EB3E-D3E5-40DD-BF78-9C941E89B636}.Release|x64.Build.0 = Release|Any CPU
		{2856EB3E-D3E5-40DD-BF78-9C941E89B636}.Release|x86.ActiveCfg = Release|Any CPU
		{2856EB3E-D3E5-40DD-BF78-9C941E89B636}.Release|x86.Build.0 = Release|Any CPU
		{06382712-F6E3-4463-8FD0-AD30CA8EAE22}.Debug|Any CPU.ActiveCfg = Debug|Any CPU
		{06382712-F6E3-4463-8FD0-AD30CA8EAE22}.Debug|Any CPU.Build.0 = Debug|Any CPU
		{06382712-F6E3-4463-8FD0-AD30CA8EAE22}.Debug|x64.ActiveCfg = Debug|Any CPU
		{06382712-F6E3-4463-8FD0-AD30CA8EAE22}.Debug|x64.Build.0 = Debug|Any CPU
		{06382712-F6E3-4463-8FD0-AD30CA8EAE22}.Debug|x86.ActiveCfg = Debug|Any CPU
		{06382712-F6E3-4463-8FD0-AD30CA8EAE22}.Debug|x86.Build.0 = Debug|Any CPU
		{06382712-F6E3-4463-8FD0-AD30CA8EAE22}.Release|Any CPU.ActiveCfg = Release|Any CPU
		{06382712-F6E3-4463-8FD0-AD30CA8EAE22}.Release|Any CPU.Build.0 = Release|Any CPU
		{06382712-F6E3-4463-8FD0-AD30CA8EAE22}.Release|x64.ActiveCfg = Release|Any CPU
		{06382712-F6E3-4463-8FD0-AD30CA8EAE22}.Release|x64.Build.0 = Release|Any CPU
		{06382712-F6E3-4463-8FD0-AD30CA8EAE22}.Release|x86.ActiveCfg = Release|Any CPU
		{06382712-F6E3-4463-8FD0-AD30CA8EAE22}.Release|x86.Build.0 = Release|Any CPU
	EndGlobalSection
	GlobalSection(SolutionProperties) = preSolution
		HideSolutionNode = FALSE
	EndGlobalSection
	GlobalSection(NestedProjects) = preSolution
		{230CA79C-F7B0-44B8-BE27-A9E294071BB5} = {827E0CD3-B72D-47B6-A68D-7590B98EB39B}
		{0D6979DA-BAD1-4BDD-8766-1D0069150218} = {827E0CD3-B72D-47B6-A68D-7590B98EB39B}
		{86DB92B0-DE6A-4A68-BA88-769354839E4C} = {827E0CD3-B72D-47B6-A68D-7590B98EB39B}
		{9D70BB78-03D2-437A-8ACF-F8E1FF4A41D8} = {827E0CD3-B72D-47B6-A68D-7590B98EB39B}
		{6F2AACE5-B2FE-4424-9D7B-0A1C6B7CB653} = {827E0CD3-B72D-47B6-A68D-7590B98EB39B}
		{6AC1C5D2-D0F1-45B0-A0F8-B0204B9CD9E6} = {827E0CD3-B72D-47B6-A68D-7590B98EB39B}
		{2856EB3E-D3E5-40DD-BF78-9C941E89B636} = {827E0CD3-B72D-47B6-A68D-7590B98EB39B}
		{06382712-F6E3-4463-8FD0-AD30CA8EAE22} = {0AB3BF05-4346-4AA6-1389-037BE0695223}
	EndGlobalSection
EndGlobal
